
Microsoft Visual Studio Solution File, Format Version 12.00
# Visual Studio Version 17
VisualStudioVersion = 17.14.36414.22 d17.14
MinimumVisualStudioVersion = 10.0.40219.1
Project("{FAE04EC0-301F-11D3-BF4B-00C04F79EFBC}") = "Ver2", "Ver2.csproj", "{CC60D36B-A256-44B5-8451-5CA105991DE3}"
EndProject
Global
	GlobalSection(SolutionConfigurationPlatforms) = preSolution
		Debug|Any CPU = Debug|Any CPU
		Release|Any CPU = Release|Any CPU
	EndGlobalSection
	GlobalSection(ProjectConfigurationPlatforms) = postSolution
		{CC60D36B-A256-44B5-8451-5CA105991DE3}.Debug|Any CPU.ActiveCfg = Debug|Any CPU
		{CC60D36B-A256-44B5-8451-5CA105991DE3}.Debug|Any CPU.Build.0 = Debug|Any CPU
		{CC60D36B-A256-44B5-8451-5CA105991DE3}.Release|Any CPU.ActiveCfg = Release|Any CPU
		{CC60D36B-A256-44B5-8451-5CA105991DE3}.Release|Any CPU.Build.0 = Release|Any CPU
	EndGlobalSection
	GlobalSection(SolutionProperties) = preSolution
		HideSolutionNode = FALSE
	EndGlobalSection
	GlobalSection(ExtensibilityGlobals) = postSolution
		SolutionGuid = {171B333E-184D-481F-ABBA-ABE160A96E04}
	EndGlobalSection
EndGlobal
